
Microsoft Visual Studio Solution File, Format Version 12.00
# Visual Studio 15
VisualStudioVersion = 15.0.28010.2026
MinimumVisualStudioVersion = 10.0.40219.1
Project("{8BC9CEB8-8B4A-11D0-8D11-00A0C91BC942}") = "Long-Algebra", "Long-Algebra\Long-Algebra.vcxproj", "{0F5D6951-5865-408F-AC65-FF7D75869EBD}"
EndProject
Global
	GlobalSection(SolutionConfigurationPlatforms) = preSolution
		Debug|x64 = Debug|x64
		Debug|x86 = Debug|x86
		Release|x64 = Release|x64
		Release|x86 = Release|x86
	EndGlobalSection
	GlobalSection(ProjectConfigurationPlatforms) = postSolution
		{0F5D6951-5865-408F-AC65-FF7D75869EBD}.Debug|x64.ActiveCfg = Debug|x64
		{0F5D6951-5865-408F-AC65-FF7D75869EBD}.Debug|x64.Build.0 = Debug|x64
		{0F5D6951-5865-408F-AC65-FF7D75869EBD}.Debug|x86.ActiveCfg = Debug|Win32
		{0F5D6951-5865-408F-AC65-FF7D75869EBD}.Debug|x86.Build.0 = Debug|Win32
		{0F5D6951-5865-408F-AC65-FF7D75869EBD}.Release|x64.ActiveCfg = Release|x64
		{0F5D6951-5865-408F-AC65-FF7D75869EBD}.Release|x64.Build.0 = Release|x64
		{0F5D6951-5865-408F-AC65-FF7D75869EBD}.Release|x86.ActiveCfg = Release|Win32
		{0F5D6951-5865-408F-AC65-FF7D75869EBD}.Release|x86.Build.0 = Release|Win32
	EndGlobalSection
	GlobalSection(SolutionProperties) = preSolution
		HideSolutionNode = FALSE
	EndGlobalSection
	GlobalSection(ExtensibilityGlobals) = postSolution
		SolutionGuid = {11987C4A-7B59-4CF6-B4EB-57D4B022BA0D}
	EndGlobalSection
EndGlobal
